
Microsoft Visual Studio Solution File, Format Version 12.00
# Visual Studio Version 16
VisualStudioVersion = 16.0.29613.14
MinimumVisualStudioVersion = 10.0.40219.1
Project("{9A19103F-16F7-4668-BE54-9A1E7A4F7556}") = "RedisApp", "RedisApp\RedisApp.csproj", "{18F8336A-14C8-4873-AAA5-3E2F0F72F6D8}"
EndProject
Project("{9A19103F-16F7-4668-BE54-9A1E7A4F7556}") = "UserActionSimulator", "UserActionSimulator\UserActionSimulator.csproj", "{6FAA9799-C216-4A5A-8AC6-A5A1FC6D9130}"
EndProject
Project("{2150E333-8FDC-42A3-9474-1A3956D46DE8}") = "Solution Items", "Solution Items", "{B3DEBFAB-0F16-4410-A543-12BFE9AB9CAA}"
	ProjectSection(SolutionItems) = preProject
		README.md = README.md
	EndProjectSection
EndProject
Global
	GlobalSection(SolutionConfigurationPlatforms) = preSolution
		Debug|Any CPU = Debug|Any CPU
		Release|Any CPU = Release|Any CPU
	EndGlobalSection
	GlobalSection(ProjectConfigurationPlatforms) = postSolution
		{18F8336A-14C8-4873-AAA5-3E2F0F72F6D8}.Debug|Any CPU.ActiveCfg = Debug|Any CPU
		{18F8336A-14C8-4873-AAA5-3E2F0F72F6D8}.Debug|Any CPU.Build.0 = Debug|Any CPU
		{18F8336A-14C8-4873-AAA5-3E2F0F72F6D8}.Release|Any CPU.ActiveCfg = Release|Any CPU
		{18F8336A-14C8-4873-AAA5-3E2F0F72F6D8}.Release|Any CPU.Build.0 = Release|Any CPU
		{6FAA9799-C216-4A5A-8AC6-A5A1FC6D9130}.Debug|Any CPU.ActiveCfg = Debug|Any CPU
		{6FAA9799-C216-4A5A-8AC6-A5A1FC6D9130}.Debug|Any CPU.Build.0 = Debug|Any CPU
		{6FAA9799-C216-4A5A-8AC6-A5A1FC6D9130}.Release|Any CPU.ActiveCfg = Release|Any CPU
		{6FAA9799-C216-4A5A-8AC6-A5A1FC6D9130}.Release|Any CPU.Build.0 = Release|Any CPU
	EndGlobalSection
	GlobalSection(SolutionProperties) = preSolution
		HideSolutionNode = FALSE
	EndGlobalSection
	GlobalSection(ExtensibilityGlobals) = postSolution
		SolutionGuid = {46BCF4CE-90E2-4D00-A0EE-C4ED4C86D7B4}
	EndGlobalSection
EndGlobal
